
Microsoft Visual Studio Solution File, Format Version 9.00
# Visual Studio 2005
Project("{FAE04EC0-301F-11D3-BF4B-00C04F79EFBC}") = "cmdlParser", "cmdlParser.csproj", "{FCE630B5-9CAC-4750-A337-ECFBB5E75DEA}"
EndProject
Global
	GlobalSection(SolutionConfigurationPlatforms) = preSolution
		Debug|Any CPU = Debug|x64
		Release|Any CPU = Release|x64
	EndGlobalSection
	GlobalSection(ProjectConfigurationPlatforms) = postSolution
		{FCE630B5-9CAC-4750-A337-ECFBB5E75DEA}.Debug|Any CPU.ActiveCfg = Debug|x64
		{FCE630B5-9CAC-4750-A337-ECFBB5E75DEA}.Debug|Any CPU.Build.0 = Debug|x64
		{FCE630B5-9CAC-4750-A337-ECFBB5E75DEA}.Release|Any CPU.ActiveCfg = Release|x64
		{FCE630B5-9CAC-4750-A337-ECFBB5E75DEA}.Release|Any CPU.Build.0 = Release|x64
	EndGlobalSection
	GlobalSection(SolutionProperties) = preSolution
		HideSolutionNode = FALSE
	EndGlobalSection
EndGlobal
